installs:
  capability-lifecycle:
    artifacts:
      <HOME>/.hermes/profiles/aos-test/skills/capability-lifecycle-capability-evolver/SKILL.md: <SHA256>
      <HOME>/.hermes/profiles/aos-test/skills/capability-lifecycle-capability-installer/SKILL.md: <SHA256>
      <HOME>/.hermes/profiles/aos-test/skills/capability-lifecycle-capability-lifecycle/SKILL.md: <SHA256>
      <HOME>/.hermes/profiles/aos-test/skills/capability-lifecycle-capability-lifecycle/reference/contract.md: <SHA256>
      <HOME>/.hermes/profiles/aos-test/skills/capability-lifecycle-capability-lifecycle/reference/no-cheatsheet.md: <SHA256>
      <HOME>/.hermes/profiles/aos-test/skills/capability-lifecycle-capability-lifecycle/reference/overlay.md: <SHA256>
      <HOME>/.hermes/profiles/aos-test/skills/capability-lifecycle-capability-remover/SKILL.md: <SHA256>
      <HOME>/.hermes/profiles/aos-test/skills/capability-lifecycle-capability-upgrader/SKILL.md: <SHA256>
      <HOME>/.local/bin/aos-lock: <SHA256>
    config_keys: []
    env_lines: []
    schedules_owned: []
    scripts: []
    version: 0.1.0
  gtd-capture:
    artifacts:
      <HOME>/.hermes/profiles/aos-drainer/SOUL.md: <SHA256>
      <HOME>/.hermes/profiles/aos-drainer/skills/gtd-capture-drain/SKILL.md: <SHA256>
      <HOME>/.hermes/profiles/aos-drainer/skills/gtd-capture-gtd-capture/SKILL.md: <SHA256>
      <HOME>/.hermes/profiles/aos-drainer/skills/gtd-capture-gtd-capture/reference/entry-format.md: <SHA256>
      <HOME>/.hermes/profiles/aos-test/skills/gtd-capture-capture/SKILL.md: <SHA256>
      <HOME>/.hermes/profiles/aos-test/skills/gtd-capture-gtd-capture/SKILL.md: <SHA256>
      <HOME>/.hermes/profiles/aos-test/skills/gtd-capture-gtd-capture/reference/entry-format.md: <SHA256>
      <HOME>/aos/tests/.sandbox/kb/acme-kb/AGENTS.md: <SHA256>
      <HOME>/aos/tests/.sandbox/kb/personal-kb/AGENTS.md: <SHA256>
    config_keys: []
    env_lines: []
    schedules_owned:
    - <ID>
    scripts: []
    version: 0.2.0
  kb:
    artifacts:
      <HOME>/.hermes/profiles/aos-archiver/SOUL.md: <SHA256>
      <HOME>/.hermes/profiles/aos-archiver/scripts/aos-kb-sync.sh: <SHA256>
      <HOME>/.hermes/profiles/aos-archiver/skills/kb-kb/SKILL.md: <SHA256>
      <HOME>/.hermes/profiles/aos-test/skills/kb-adopt/SKILL.md: <SHA256>
      <HOME>/.hermes/profiles/aos-test/skills/kb-import/SKILL.md: <SHA256>
      <HOME>/.hermes/profiles/aos-test/skills/kb-import/reference/v1-migration.md: <SHA256>
      <HOME>/.hermes/profiles/aos-test/skills/kb-init/SKILL.md: <SHA256>
      <HOME>/.hermes/profiles/aos-test/skills/kb-init/templates/AGENTS.md: <SHA256>
      <HOME>/.hermes/profiles/aos-test/skills/kb-init/templates/BASE.yaml: <SHA256>
      <HOME>/.hermes/profiles/aos-test/skills/kb-init/templates/gitattributes: <SHA256>
      <HOME>/.hermes/profiles/aos-test/skills/kb-init/templates/index.md: <SHA256>
      <HOME>/.hermes/profiles/aos-test/skills/kb-init/templates/log.md: <SHA256>
      <HOME>/.hermes/profiles/aos-test/skills/kb-init/templates/state.yaml: <SHA256>
      <HOME>/.hermes/profiles/aos-test/skills/kb-init/templates/zones/_ops.AGENTS.md: <SHA256>
      <HOME>/.hermes/profiles/aos-test/skills/kb-init/templates/zones/entities.AGENTS.md: <SHA256>
      <HOME>/.hermes/profiles/aos-test/skills/kb-init/templates/zones/profile.AGENTS.md: <SHA256>
      <HOME>/.hermes/profiles/aos-test/skills/kb-init/templates/zones/raw.AGENTS.md: <SHA256>
      <HOME>/.hermes/profiles/aos-test/skills/kb-kb/SKILL.md: <SHA256>
      <HOME>/.hermes/profiles/aos-test/skills/kb-kb/reference/grants.md: <SHA256>
      <HOME>/.hermes/profiles/aos-test/skills/kb-kb/reference/lifecycle.md: <SHA256>
      <HOME>/.hermes/profiles/aos-test/skills/kb-kb/reference/wiring.md: <SHA256>
      <HOME>/.hermes/profiles/aos-test/skills/kb-recall/SKILL.md: <SHA256>
      <HOME>/.hermes/profiles/aos-test/skills/kb-route/SKILL.md: <SHA256>
      <HOME>/.local/bin/base: <SHA256>
    config_keys: []
    env_lines: []
    schedules_owned:
    - <ID>
    - <ID>
    - <ID>
    scripts:
    - aos-kb-sync.sh
    version: 0.3.0
  onboarding:
    artifacts:
      <HOME>/.hermes/profiles/aos-test/SOUL.md: <SHA256>
      <HOME>/.hermes/profiles/aos-test/skills/onboarding-onboarding/SKILL.md: <SHA256>
      <HOME>/.hermes/profiles/aos-test/skills/onboarding-onboarding/reference/answer-validation.md: <SHA256>
    config_keys: []
    env_lines: []
    schedules_owned: []
    scripts: []
    version: 0.2.0
version: 1
