installs:
  capability-lifecycle:
    artifacts:
      <HOME>/aos/tests/.sandbox/aos-home/personal/capabilities/capability-lifecycle/skills/capability-build/SKILL.md: <SHA256>
      ? <HOME>/aos/tests/.sandbox/aos-home/personal/capabilities/capability-lifecycle/skills/capability-build/reference/build.md
      : <SHA256>
      ? <HOME>/aos/tests/.sandbox/aos-home/personal/capabilities/capability-lifecycle/skills/capability-build/reference/design.md
      : <SHA256>
      ? <HOME>/aos/tests/.sandbox/aos-home/personal/capabilities/capability-lifecycle/skills/capability-build/reference/intake.md
      : <SHA256>
      ? <HOME>/aos/tests/.sandbox/aos-home/personal/capabilities/capability-lifecycle/skills/capability-build/reference/research.md
      : <SHA256>
      ? <HOME>/aos/tests/.sandbox/aos-home/personal/capabilities/capability-lifecycle/skills/capability-build/reference/trigger-patterns.md
      : <SHA256>
      <HOME>/aos/tests/.sandbox/aos-home/personal/capabilities/capability-lifecycle/skills/capability-contribute/SKILL.md: <SHA256>
      ? <HOME>/aos/tests/.sandbox/aos-home/personal/capabilities/capability-lifecycle/skills/capability-contribute/reference/contribute.md
      : <SHA256>
      ? <HOME>/aos/tests/.sandbox/aos-home/personal/capabilities/capability-lifecycle/skills/capability-contribute/reference/judgment.md
      : <SHA256>
      ? <HOME>/aos/tests/.sandbox/aos-home/personal/capabilities/capability-lifecycle/skills/capability-contribute/reference/procedure.md
      : <SHA256>
      <HOME>/aos/tests/.sandbox/aos-home/personal/capabilities/capability-lifecycle/skills/capability-evolve/SKILL.md: <SHA256>
      <HOME>/aos/tests/.sandbox/aos-home/personal/capabilities/capability-lifecycle/skills/capability-import/SKILL.md: <SHA256>
      ? <HOME>/aos/tests/.sandbox/aos-home/personal/capabilities/capability-lifecycle/skills/capability-import/reference/cluster.md
      : <SHA256>
      ? <HOME>/aos/tests/.sandbox/aos-home/personal/capabilities/capability-lifecycle/skills/capability-import/reference/emit.md
      : <SHA256>
      ? <HOME>/aos/tests/.sandbox/aos-home/personal/capabilities/capability-lifecycle/skills/capability-import/reference/gap-report.md
      : <SHA256>
      ? <HOME>/aos/tests/.sandbox/aos-home/personal/capabilities/capability-lifecycle/skills/capability-import/reference/inventory.md
      : <SHA256>
      ? <HOME>/aos/tests/.sandbox/aos-home/personal/capabilities/capability-lifecycle/skills/capability-import/reference/map.md
      : <SHA256>
      ? <HOME>/aos/tests/.sandbox/aos-home/personal/capabilities/capability-lifecycle/skills/capability-import/reference/split.md
      : <SHA256>
      <HOME>/aos/tests/.sandbox/aos-home/personal/capabilities/capability-lifecycle/skills/capability-install/SKILL.md: <SHA256>
      <HOME>/aos/tests/.sandbox/aos-home/personal/capabilities/capability-lifecycle/skills/capability-lifecycle/SKILL.md: <SHA256>
      ? <HOME>/aos/tests/.sandbox/aos-home/personal/capabilities/capability-lifecycle/skills/capability-lifecycle/reference/contract.md
      : <SHA256>
      ? <HOME>/aos/tests/.sandbox/aos-home/personal/capabilities/capability-lifecycle/skills/capability-lifecycle/reference/harness-claude-code.md
      : <SHA256>
      ? <HOME>/aos/tests/.sandbox/aos-home/personal/capabilities/capability-lifecycle/skills/capability-lifecycle/reference/harness-hermes.md
      : <SHA256>
      ? <HOME>/aos/tests/.sandbox/aos-home/personal/capabilities/capability-lifecycle/skills/capability-lifecycle/reference/harness-nanobot.md
      : <SHA256>
      ? <HOME>/aos/tests/.sandbox/aos-home/personal/capabilities/capability-lifecycle/skills/capability-lifecycle/reference/harness-nanoclaw.md
      : <SHA256>
      ? <HOME>/aos/tests/.sandbox/aos-home/personal/capabilities/capability-lifecycle/skills/capability-lifecycle/reference/harness-openclaw.md
      : <SHA256>
      ? <HOME>/aos/tests/.sandbox/aos-home/personal/capabilities/capability-lifecycle/skills/capability-lifecycle/reference/naming.md
      : <SHA256>
      ? <HOME>/aos/tests/.sandbox/aos-home/personal/capabilities/capability-lifecycle/skills/capability-lifecycle/reference/no-cheatsheet.md
      : <SHA256>
      ? <HOME>/aos/tests/.sandbox/aos-home/personal/capabilities/capability-lifecycle/skills/capability-lifecycle/reference/overlay.md
      : <SHA256>
      <HOME>/aos/tests/.sandbox/aos-home/personal/capabilities/capability-lifecycle/skills/capability-onboard/SKILL.md: <SHA256>
      ? <HOME>/aos/tests/.sandbox/aos-home/personal/capabilities/capability-lifecycle/skills/capability-onboard/reference/answer-validation.md
      : <SHA256>
      <HOME>/aos/tests/.sandbox/aos-home/personal/capabilities/capability-lifecycle/skills/capability-remove/SKILL.md: <SHA256>
      <HOME>/aos/tests/.sandbox/aos-home/personal/capabilities/capability-lifecycle/skills/capability-review/SKILL.md: <SHA256>
      ? <HOME>/aos/tests/.sandbox/aos-home/personal/capabilities/capability-lifecycle/skills/capability-review/reference/skill-rubric.md
      : <SHA256>
      <HOME>/aos/tests/.sandbox/aos-home/personal/capabilities/capability-lifecycle/skills/capability-upgrade/SKILL.md: <SHA256>
      <HOME>/aos/tests/.sandbox/aos-home/vendor/anthropic-skills/skills/skill-creator/SKILL.md: <SHA256>
    config_keys: []
    env_lines: []
    links:
      <HOME>/.hermes/profiles/aos-test/skills/capability-build: <HOME>/aos/tests/.sandbox/aos-home/personal/capabilities/capability-lifecycle/skills/capability-build
      <HOME>/.hermes/profiles/aos-test/skills/capability-contribute: <HOME>/aos/tests/.sandbox/aos-home/personal/capabilities/capability-lifecycle/skills/capability-contribute
      <HOME>/.hermes/profiles/aos-test/skills/capability-evolve: <HOME>/aos/tests/.sandbox/aos-home/personal/capabilities/capability-lifecycle/skills/capability-evolve
      <HOME>/.hermes/profiles/aos-test/skills/capability-import: <HOME>/aos/tests/.sandbox/aos-home/personal/capabilities/capability-lifecycle/skills/capability-import
      <HOME>/.hermes/profiles/aos-test/skills/capability-install: <HOME>/aos/tests/.sandbox/aos-home/personal/capabilities/capability-lifecycle/skills/capability-install
      <HOME>/.hermes/profiles/aos-test/skills/capability-lifecycle: <HOME>/aos/tests/.sandbox/aos-home/personal/capabilities/capability-lifecycle/skills/capability-lifecycle
      <HOME>/.hermes/profiles/aos-test/skills/capability-onboard: <HOME>/aos/tests/.sandbox/aos-home/personal/capabilities/capability-lifecycle/skills/capability-onboard
      <HOME>/.hermes/profiles/aos-test/skills/capability-remove: <HOME>/aos/tests/.sandbox/aos-home/personal/capabilities/capability-lifecycle/skills/capability-remove
      <HOME>/.hermes/profiles/aos-test/skills/capability-review: <HOME>/aos/tests/.sandbox/aos-home/personal/capabilities/capability-lifecycle/skills/capability-review
      <HOME>/.hermes/profiles/aos-test/skills/capability-upgrade: <HOME>/aos/tests/.sandbox/aos-home/personal/capabilities/capability-lifecycle/skills/capability-upgrade
      <HOME>/.hermes/profiles/aos-test/skills/skill-creator: <HOME>/aos/tests/.sandbox/aos-home/vendor/anthropic-skills/skills/skill-creator
    schedules_owned: []
    scripts: []
    source_root: upstream
    version: 0.3.6
  kb:
    artifacts:
      <HOME>/.hermes/profiles/aos-test/home/.local/share/uv/tools/aos-kb/bin/kb: <SHA256>
      <HOME>/aos/tests/.sandbox/aos-home/personal/capabilities/kb/skills/kb-adopt/SKILL.md: <SHA256>
      <HOME>/aos/tests/.sandbox/aos-home/personal/capabilities/kb/skills/kb-capture/SKILL.md: <SHA256>
      <HOME>/aos/tests/.sandbox/aos-home/personal/capabilities/kb/skills/kb-import/SKILL.md: <SHA256>
      <HOME>/aos/tests/.sandbox/aos-home/personal/capabilities/kb/skills/kb-import/reference/v1-migration.md: <SHA256>
      <HOME>/aos/tests/.sandbox/aos-home/personal/capabilities/kb/skills/kb-init/SKILL.md: <SHA256>
      <HOME>/aos/tests/.sandbox/aos-home/personal/capabilities/kb/skills/kb-init/templates/AGENTS.md: <SHA256>
      <HOME>/aos/tests/.sandbox/aos-home/personal/capabilities/kb/skills/kb-init/templates/base.README.md: <SHA256>
      <HOME>/aos/tests/.sandbox/aos-home/personal/capabilities/kb/skills/kb-init/templates/base.yml: <SHA256>
      <HOME>/aos/tests/.sandbox/aos-home/personal/capabilities/kb/skills/kb-init/templates/gitattributes: <SHA256>
      <HOME>/aos/tests/.sandbox/aos-home/personal/capabilities/kb/skills/kb-init/templates/index.md: <SHA256>
      <HOME>/aos/tests/.sandbox/aos-home/personal/capabilities/kb/skills/kb-init/templates/state.yml: <SHA256>
      <HOME>/aos/tests/.sandbox/aos-home/personal/capabilities/kb/skills/kb-init/templates/zones/_raw.AGENTS.md: <SHA256>
      <HOME>/aos/tests/.sandbox/aos-home/personal/capabilities/kb/skills/kb-init/templates/zones/entities.AGENTS.md: <SHA256>
      <HOME>/aos/tests/.sandbox/aos-home/personal/capabilities/kb/skills/kb-init/templates/zones/profile.AGENTS.md: <SHA256>
      <HOME>/aos/tests/.sandbox/aos-home/personal/capabilities/kb/skills/kb-recall/SKILL.md: <SHA256>
      <HOME>/aos/tests/.sandbox/aos-home/personal/capabilities/kb/skills/kb-route/SKILL.md: <SHA256>
      <HOME>/aos/tests/.sandbox/aos-home/personal/capabilities/kb/skills/kb/SKILL.md: <SHA256>
      <HOME>/aos/tests/.sandbox/aos-home/personal/capabilities/kb/skills/kb/reference/grants.md: <SHA256>
      <HOME>/aos/tests/.sandbox/aos-home/personal/capabilities/kb/skills/kb/reference/lifecycle.md: <SHA256>
      <HOME>/aos/tests/.sandbox/aos-home/personal/capabilities/kb/skills/kb/reference/wiring.md: <SHA256>
    config_keys: []
    env_lines: []
    links:
      <HOME>/.hermes/profiles/aos-archiver/skills/kb: <HOME>/aos/tests/.sandbox/aos-home/personal/capabilities/kb/skills/kb
      <HOME>/.hermes/profiles/aos-test/skills/kb: <HOME>/aos/tests/.sandbox/aos-home/personal/capabilities/kb/skills/kb
      <HOME>/.hermes/profiles/aos-test/skills/kb-adopt: <HOME>/aos/tests/.sandbox/aos-home/personal/capabilities/kb/skills/kb-adopt
      <HOME>/.hermes/profiles/aos-test/skills/kb-capture: <HOME>/aos/tests/.sandbox/aos-home/personal/capabilities/kb/skills/kb-capture
      <HOME>/.hermes/profiles/aos-test/skills/kb-import: <HOME>/aos/tests/.sandbox/aos-home/personal/capabilities/kb/skills/kb-import
      <HOME>/.hermes/profiles/aos-test/skills/kb-init: <HOME>/aos/tests/.sandbox/aos-home/personal/capabilities/kb/skills/kb-init
      <HOME>/.hermes/profiles/aos-test/skills/kb-recall: <HOME>/aos/tests/.sandbox/aos-home/personal/capabilities/kb/skills/kb-recall
      <HOME>/.hermes/profiles/aos-test/skills/kb-route: <HOME>/aos/tests/.sandbox/aos-home/personal/capabilities/kb/skills/kb-route
    schedules_owned:
    - <ID>
    - <ID>
    - <ID>
    scripts:
    - <HOME>/.hermes/profiles/aos-archiver/scripts/aos-kb-sync.sh
    source_root: upstream
    version: 0.7.3
  work-tracker:
    artifacts:
      <HOME>/aos/tests/.sandbox/aos-home/personal/capabilities/work-tracker/skills/work-tracker/SKILL.md: <SHA256>
      <HOME>/aos/tests/.sandbox/aos-home/personal/capabilities/work-tracker/skills/work-tracker/reference/action-page.md: <SHA256>
      <HOME>/aos/tests/.sandbox/aos-home/personal/capabilities/work-tracker/skills/wt-capture/SKILL.md: <SHA256>
      <HOME>/aos/tests/.sandbox/aos-home/personal/capabilities/work-tracker/skills/wt-schedule/SKILL.md: <SHA256>
      <HOME>/aos/tests/.sandbox/aos-home/personal/capabilities/work-tracker/skills/wt-steward/SKILL.md: <SHA256>
      <HOME>/aos/tests/.sandbox/aos-home/personal/capabilities/work-tracker/skills/wt-update/SKILL.md: <SHA256>
    config_keys: []
    env_lines: []
    links:
      <HOME>/.hermes/profiles/aos-steward/skills/work-tracker: <HOME>/aos/tests/.sandbox/aos-home/personal/capabilities/work-tracker/skills/work-tracker
      <HOME>/.hermes/profiles/aos-steward/skills/wt-steward: <HOME>/aos/tests/.sandbox/aos-home/personal/capabilities/work-tracker/skills/wt-steward
      <HOME>/.hermes/profiles/aos-test/skills/work-tracker: <HOME>/aos/tests/.sandbox/aos-home/personal/capabilities/work-tracker/skills/work-tracker
      <HOME>/.hermes/profiles/aos-test/skills/wt-capture: <HOME>/aos/tests/.sandbox/aos-home/personal/capabilities/work-tracker/skills/wt-capture
      <HOME>/.hermes/profiles/aos-test/skills/wt-schedule: <HOME>/aos/tests/.sandbox/aos-home/personal/capabilities/work-tracker/skills/wt-schedule
      <HOME>/.hermes/profiles/aos-test/skills/wt-update: <HOME>/aos/tests/.sandbox/aos-home/personal/capabilities/work-tracker/skills/wt-update
    schedules_owned:
    - <ID>
    scripts: []
    source_root: upstream
    version: 0.1.2
version: 1
